// !$*UTF8*$!
{
	archiveVersion = 1;
	classes = {
	};
	objectVersion = 56;
	objects = {

/* Begin PBXBuildFile section */
		18EC62A52AE83EDB00A00225 /* AppDelegate.swift in Sources */ = {isa = PBXBuildFile; fileRef = 18EC62A42AE83EDB00A00225 /* AppDelegate.swift */; };
		18EC62A72AE83EDB00A00225 /* SceneDelegate.swift in Sources */ = {isa = PBXBuildFile; fileRef = 18EC62A62AE83EDB00A00225 /* SceneDelegate.swift */; };
		18EC62AC2AE83EDB00A00225 /* Main.storyboard in Resources */ = {isa = PBXBuildFile; fileRef = 18EC62AA2AE83EDB00A00225 /* Main.storyboard */; };
		18EC62AE2AE83EDC00A00225 /* Assets.xcassets in Resources */ = {isa = PBXBuildFile; fileRef = 18EC62AD2AE83EDC00A00225 /* Assets.xcassets */; };
		18EC62B12AE83EDC00A00225 /* LaunchScreen.storyboard in Resources */ = {isa = PBXBuildFile; fileRef = 18EC62AF2AE83EDC00A00225 /* LaunchScreen.storyboard */; };
		18EC62C32AE8411600A00225 /* SnapKit in Frameworks */ = {isa = PBXBuildFile; productRef = 18EC62C22AE8411600A00225 /* SnapKit */; };
		18EC62C72AE841C500A00225 /* AppData.swift in Sources */ = {isa = PBXBuildFile; fileRef = 18EC62C62AE841C500A00225 /* AppData.swift */; };
		18EC62CA2AE841DC00A00225 /* UserDefault.swift in Sources */ = {isa = PBXBuildFile; fileRef = 18EC62C92AE841DC00A00225 /* UserDefault.swift */; };
		18EC62CC2AE841E600A00225 /* Service.swift in Sources */ = {isa = PBXBuildFile; fileRef = 18EC62CB2AE841E600A00225 /* Service.swift */; };
		18EC62CE2AE841F000A00225 /* Setting.swift in Sources */ = {isa = PBXBuildFile; fileRef = 18EC62CD2AE841F000A00225 /* Setting.swift */; };
		18EC62D02AE8424B00A00225 /* BonusScreenVC.swift in Sources */ = {isa = PBXBuildFile; fileRef = 18EC62CF2AE8424B00A00225 /* BonusScreenVC.swift */; };
		18EC62D22AE8425400A00225 /* BonusScreenVIew.swift in Sources */ = {isa = PBXBuildFile; fileRef = 18EC62D12AE8425400A00225 /* BonusScreenVIew.swift */; };
		18EC62D42AE8425F00A00225 /* HomeVC.swift in Sources */ = {isa = PBXBuildFile; fileRef = 18EC62D32AE8425F00A00225 /* HomeVC.swift */; };
		18EC62D62AE8426600A00225 /* HomeView.swift in Sources */ = {isa = PBXBuildFile; fileRef = 18EC62D52AE8426600A00225 /* HomeView.swift */; };
		18EC62D82AE8426F00A00225 /* BonusCardVC.swift in Sources */ = {isa = PBXBuildFile; fileRef = 18EC62D72AE8426F00A00225 /* BonusCardVC.swift */; };
		18EC62DA2AE8427700A00225 /* BonusCardView.swift in Sources */ = {isa = PBXBuildFile; fileRef = 18EC62D92AE8427700A00225 /* BonusCardView.swift */; };
		18EC62DC2AE8428700A00225 /* GiftsVC.swift in Sources */ = {isa = PBXBuildFile; fileRef = 18EC62DB2AE8428700A00225 /* GiftsVC.swift */; };
		18EC62DE2AE8429100A00225 /* GiftsView.swift in Sources */ = {isa = PBXBuildFile; fileRef = 18EC62DD2AE8429100A00225 /* GiftsView.swift */; };
		18EC62E02AE8429700A00225 /* GiftsCell.swift in Sources */ = {isa = PBXBuildFile; fileRef = 18EC62DF2AE8429700A00225 /* GiftsCell.swift */; };
		18EC62E22AE842A400A00225 /* GiftsModel.swift in Sources */ = {isa = PBXBuildFile; fileRef = 18EC62E12AE842A400A00225 /* GiftsModel.swift */; };
		18EC62E42AE842BE00A00225 /* GiftsJson in Resources */ = {isa = PBXBuildFile; fileRef = 18EC62E32AE842BE00A00225 /* GiftsJson */; };
		18EC62E62AE842CC00A00225 /* GiftsDetailVC.swift in Sources */ = {isa = PBXBuildFile; fileRef = 18EC62E52AE842CC00A00225 /* GiftsDetailVC.swift */; };
		18EC62E82AE842D300A00225 /* GiftsDetailView.swift in Sources */ = {isa = PBXBuildFile; fileRef = 18EC62E72AE842D300A00225 /* GiftsDetailView.swift */; };
		18EC62EA2AE842DE00A00225 /* NewsVC.swift in Sources */ = {isa = PBXBuildFile; fileRef = 18EC62E92AE842DE00A00225 /* NewsVC.swift */; };
		18EC62EC2AE842E600A00225 /* NewsView.swift in Sources */ = {isa = PBXBuildFile; fileRef = 18EC62EB2AE842E600A00225 /* NewsView.swift */; };
		18EC62EE2AE842EE00A00225 /* NewsCell.swift in Sources */ = {isa = PBXBuildFile; fileRef = 18EC62ED2AE842EE00A00225 /* NewsCell.swift */; };
		18EC62F02AE8430000A00225 /* NewsModel.swift in Sources */ = {isa = PBXBuildFile; fileRef = 18EC62EF2AE8430000A00225 /* NewsModel.swift */; };
		18EC62F22AE8431500A00225 /* NewsJson in Resources */ = {isa = PBXBuildFile; fileRef = 18EC62F12AE8431500A00225 /* NewsJson */; };
		18EC62F42AE8432100A00225 /* NewsDetailVC.swift in Sources */ = {isa = PBXBuildFile; fileRef = 18EC62F32AE8432100A00225 /* NewsDetailVC.swift */; };
		18EC62F62AE8432700A00225 /* NewsDetailView.swift in Sources */ = {isa = PBXBuildFile; fileRef = 18EC62F52AE8432700A00225 /* NewsDetailView.swift */; };
		18EC62F82AE8433200A00225 /* InfoVC.swift in Sources */ = {isa = PBXBuildFile; fileRef = 18EC62F72AE8433200A00225 /* InfoVC.swift */; };
		18EC62FA2AE8433700A00225 /* InfoView.swift in Sources */ = {isa = PBXBuildFile; fileRef = 18EC62F92AE8433700A00225 /* InfoView.swift */; };
/* End PBXBuildFile section */

/* Begin PBXFileReference section */
		18EC62A12AE83EDB00A00225 /* FortuneRabbit.app */ = {isa = PBXFileReference; explicitFileType = wrapper.application; includeInIndex = 0; path = FortuneRabbit.app; sourceTree = BUILT_PRODUCTS_DIR; };
		18EC62A42AE83EDB00A00225 /* AppDelegate.swift */ = {isa = PBXFileReference; lastKnownFileType = sourcecode.swift; path = AppDelegate.swift; sourceTree = "<group>"; };
		18EC62A62AE83EDB00A00225 /* SceneDelegate.swift */ = {isa = PBXFileReference; lastKnownFileType = sourcecode.swift; path = SceneDelegate.swift; sourceTree = "<group>"; };
		18EC62AB2AE83EDB00A00225 /* Base */ = {isa = PBXFileReference; lastKnownFileType = file.storyboard; name = Base; path = Base.lproj/Main.storyboard; sourceTree = "<group>"; };
		18EC62AD2AE83EDC00A00225 /* Assets.xcassets */ = {isa = PBXFileReference; lastKnownFileType = folder.assetcatalog; path = Assets.xcassets; sourceTree = "<group>"; };
		18EC62B02AE83EDC00A00225 /* Base */ = {isa = PBXFileReference; lastKnownFileType = file.storyboard; name = Base; path = Base.lproj/LaunchScreen.storyboard; sourceTree = "<group>"; };
		18EC62B22AE83EDC00A00225 /* Info.plist */ = {isa = PBXFileReference; lastKnownFileType = text.plist.xml; path = Info.plist; sourceTree = "<group>"; };
		18EC62C62AE841C500A00225 /* AppData.swift */ = {isa = PBXFileReference; lastKnownFileType = sourcecode.swift; path = AppData.swift; sourceTree = "<group>"; };
		18EC62C92AE841DC00A00225 /* UserDefault.swift */ = {isa = PBXFileReference; lastKnownFileType = sourcecode.swift; path = UserDefault.swift; sourceTree = "<group>"; };
		18EC62CB2AE841E600A00225 /* Service.swift */ = {isa = PBXFileReference; lastKnownFileType = sourcecode.swift; path = Service.swift; sourceTree = "<group>"; };
		18EC62CD2AE841F000A00225 /* Setting.swift */ = {isa = PBXFileReference; lastKnownFileType = sourcecode.swift; path = Setting.swift; sourceTree = "<group>"; };
		18EC62CF2AE8424B00A00225 /* BonusScreenVC.swift */ = {isa = PBXFileReference; lastKnownFileType = sourcecode.swift; path = BonusScreenVC.swift; sourceTree = "<group>"; };
		18EC62D12AE8425400A00225 /* BonusScreenVIew.swift */ = {isa = PBXFileReference; lastKnownFileType = sourcecode.swift; path = BonusScreenVIew.swift; sourceTree = "<group>"; };
		18EC62D32AE8425F00A00225 /* HomeVC.swift */ = {isa = PBXFileReference; lastKnownFileType = sourcecode.swift; path = HomeVC.swift; sourceTree = "<group>"; };
		18EC62D52AE8426600A00225 /* HomeView.swift */ = {isa = PBXFileReference; lastKnownFileType = sourcecode.swift; path = HomeView.swift; sourceTree = "<group>"; };
		18EC62D72AE8426F00A00225 /* BonusCardVC.swift */ = {isa = PBXFileReference; lastKnownFileType = sourcecode.swift; path = BonusCardVC.swift; sourceTree = "<group>"; };
		18EC62D92AE8427700A00225 /* BonusCardView.swift */ = {isa = PBXFileReference; lastKnownFileType = sourcecode.swift; path = BonusCardView.swift; sourceTree = "<group>"; };
		18EC62DB2AE8428700A00225 /* GiftsVC.swift */ = {isa = PBXFileReference; lastKnownFileType = sourcecode.swift; path = GiftsVC.swift; sourceTree = "<group>"; };
		18EC62DD2AE8429100A00225 /* GiftsView.swift */ = {isa = PBXFileReference; lastKnownFileType = sourcecode.swift; path = GiftsView.swift; sourceTree = "<group>"; };
		18EC62DF2AE8429700A00225 /* GiftsCell.swift */ = {isa = PBXFileReference; lastKnownFileType = sourcecode.swift; path = GiftsCell.swift; sourceTree = "<group>"; };
		18EC62E12AE842A400A00225 /* GiftsModel.swift */ = {isa = PBXFileReference; lastKnownFileType = sourcecode.swift; path = GiftsModel.swift; sourceTree = "<group>"; };
		18EC62E32AE842BE00A00225 /* GiftsJson */ = {isa = PBXFileReference; lastKnownFileType = text; path = GiftsJson; sourceTree = "<group>"; };
		18EC62E52AE842CC00A00225 /* GiftsDetailVC.swift */ = {isa = PBXFileReference; lastKnownFileType = sourcecode.swift; path = GiftsDetailVC.swift; sourceTree = "<group>"; };
		18EC62E72AE842D300A00225 /* GiftsDetailView.swift */ = {isa = PBXFileReference; lastKnownFileType = sourcecode.swift; path = GiftsDetailView.swift; sourceTree = "<group>"; };
		18EC62E92AE842DE00A00225 /* NewsVC.swift */ = {isa = PBXFileReference; lastKnownFileType = sourcecode.swift; path = NewsVC.swift; sourceTree = "<group>"; };
		18EC62EB2AE842E600A00225 /* NewsView.swift */ = {isa = PBXFileReference; lastKnownFileType = sourcecode.swift; path = NewsView.swift; sourceTree = "<group>"; };
		18EC62ED2AE842EE00A00225 /* NewsCell.swift */ = {isa = PBXFileReference; lastKnownFileType = sourcecode.swift; path = NewsCell.swift; sourceTree = "<group>"; };
		18EC62EF2AE8430000A00225 /* NewsModel.swift */ = {isa = PBXFileReference; lastKnownFileType = sourcecode.swift; path = NewsModel.swift; sourceTree = "<group>"; };
		18EC62F12AE8431500A00225 /* NewsJson */ = {isa = PBXFileReference; lastKnownFileType = text; path = NewsJson; sourceTree = "<group>"; };
		18EC62F32AE8432100A00225 /* NewsDetailVC.swift */ = {isa = PBXFileReference; lastKnownFileType = sourcecode.swift; path = NewsDetailVC.swift; sourceTree = "<group>"; };
		18EC62F52AE8432700A00225 /* NewsDetailView.swift */ = {isa = PBXFileReference; lastKnownFileType = sourcecode.swift; path = NewsDetailView.swift; sourceTree = "<group>"; };
		18EC62F72AE8433200A00225 /* InfoVC.swift */ = {isa = PBXFileReference; lastKnownFileType = sourcecode.swift; path = InfoVC.swift; sourceTree = "<group>"; };
		18EC62F92AE8433700A00225 /* InfoView.swift */ = {isa = PBXFileReference; lastKnownFileType = sourcecode.swift; path = InfoView.swift; sourceTree = "<group>"; };
/* End PBXFileReference section */

/* Begin PBXFrameworksBuildPhase section */
		18EC629E2AE83EDB00A00225 /* Frameworks */ = {
			isa = PBXFrameworksBuildPhase;
			buildActionMask = 2147483647;
			files = (
				18EC62C32AE8411600A00225 /* SnapKit in Frameworks */,
			);
			runOnlyForDeploymentPostprocessing = 0;
		};
/* End PBXFrameworksBuildPhase section */

/* Begin PBXGroup section */
		18EC62982AE83EDB00A00225 = {
			isa = PBXGroup;
			children = (
				18EC62A32AE83EDB00A00225 /* FortuneRabbit */,
				18EC62A22AE83EDB00A00225 /* Products */,
			);
			sourceTree = "<group>";
		};
		18EC62A22AE83EDB00A00225 /* Products */ = {
			isa = PBXGroup;
			children = (
				18EC62A12AE83EDB00A00225 /* FortuneRabbit.app */,
			);
			name = Products;
			sourceTree = "<group>";
		};
		18EC62A32AE83EDB00A00225 /* FortuneRabbit */ = {
			isa = PBXGroup;
			children = (
				18EC62AF2AE83EDC00A00225 /* LaunchScreen.storyboard */,
				18EC62AA2AE83EDB00A00225 /* Main.storyboard */,
				18EC62B22AE83EDC00A00225 /* Info.plist */,
				18EC62A42AE83EDB00A00225 /* AppDelegate.swift */,
				18EC62A62AE83EDB00A00225 /* SceneDelegate.swift */,
				18EC62B82AE83F0600A00225 /* BonusScreen */,
				18EC62BA2AE8406200A00225 /* Home */,
				18EC62BC2AE8407600A00225 /* BonusCard */,
				18EC62BB2AE8406D00A00225 /* Gifts */,
				18EC62BD2AE8408400A00225 /* News */,
				18EC62BE2AE8408D00A00225 /* Info */,
				18EC62C42AE8419E00A00225 /* Component */,
				18EC62C52AE841AE00A00225 /* Data */,
				18EC62B92AE83F0900A00225 /* Assets */,
			);
			path = FortuneRabbit;
			sourceTree = "<group>";
		};
		18EC62B82AE83F0600A00225 /* BonusScreen */ = {
			isa = PBXGroup;
			children = (
				18EC62CF2AE8424B00A00225 /* BonusScreenVC.swift */,
				18EC62D12AE8425400A00225 /* BonusScreenVIew.swift */,
			);
			path = BonusScreen;
			sourceTree = "<group>";
		};
		18EC62B92AE83F0900A00225 /* Assets */ = {
			isa = PBXGroup;
			children = (
				18EC62AD2AE83EDC00A00225 /* Assets.xcassets */,
			);
			path = Assets;
			sourceTree = "<group>";
		};
		18EC62BA2AE8406200A00225 /* Home */ = {
			isa = PBXGroup;
			children = (
				18EC62D32AE8425F00A00225 /* HomeVC.swift */,
				18EC62D52AE8426600A00225 /* HomeView.swift */,
			);
			path = Home;
			sourceTree = "<group>";
		};
		18EC62BB2AE8406D00A00225 /* Gifts */ = {
			isa = PBXGroup;
			children = (
				18EC62DB2AE8428700A00225 /* GiftsVC.swift */,
				18EC62DD2AE8429100A00225 /* GiftsView.swift */,
				18EC62DF2AE8429700A00225 /* GiftsCell.swift */,
				18EC62E12AE842A400A00225 /* GiftsModel.swift */,
				18EC62E32AE842BE00A00225 /* GiftsJson */,
				18EC62BF2AE840DA00A00225 /* GiftsDetail */,
			);
			path = Gifts;
			sourceTree = "<group>";
		};
		18EC62BC2AE8407600A00225 /* BonusCard */ = {
			isa = PBXGroup;
			children = (
				18EC62D72AE8426F00A00225 /* BonusCardVC.swift */,
				18EC62D92AE8427700A00225 /* BonusCardView.swift */,
			);
			path = BonusCard;
			sourceTree = "<group>";
		};
		18EC62BD2AE8408400A00225 /* News */ = {
			isa = PBXGroup;
			children = (
				18EC62E92AE842DE00A00225 /* NewsVC.swift */,
				18EC62EB2AE842E600A00225 /* NewsView.swift */,
				18EC62ED2AE842EE00A00225 /* NewsCell.swift */,
				18EC62EF2AE8430000A00225 /* NewsModel.swift */,
				18EC62F12AE8431500A00225 /* NewsJson */,
				18EC62C02AE840E400A00225 /* NewsDetail */,
			);
			path = News;
			sourceTree = "<group>";
		};
		18EC62BE2AE8408D00A00225 /* Info */ = {
			isa = PBXGroup;
			children = (
				18EC62F72AE8433200A00225 /* InfoVC.swift */,
				18EC62F92AE8433700A00225 /* InfoView.swift */,
			);
			path = Info;
			sourceTree = "<group>";
		};
		18EC62BF2AE840DA00A00225 /* GiftsDetail */ = {
			isa = PBXGroup;
			children = (
				18EC62E52AE842CC00A00225 /* GiftsDetailVC.swift */,
				18EC62E72AE842D300A00225 /* GiftsDetailView.swift */,
			);
			path = GiftsDetail;
			sourceTree = "<group>";
		};
		18EC62C02AE840E400A00225 /* NewsDetail */ = {
			isa = PBXGroup;
			children = (
				18EC62F32AE8432100A00225 /* NewsDetailVC.swift */,
				18EC62F52AE8432700A00225 /* NewsDetailView.swift */,
			);
			path = NewsDetail;
			sourceTree = "<group>";
		};
		18EC62C42AE8419E00A00225 /* Component */ = {
			isa = PBXGroup;
			children = (
				18EC62CB2AE841E600A00225 /* Service.swift */,
				18EC62CD2AE841F000A00225 /* Setting.swift */,
			);
			path = Component;
			sourceTree = "<group>";
		};
		18EC62C52AE841AE00A00225 /* Data */ = {
			isa = PBXGroup;
			children = (
				18EC62C62AE841C500A00225 /* AppData.swift */,
				18EC62C82AE841C900A00225 /* Extension */,
			);
			path = Data;
			sourceTree = "<group>";
		};
		18EC62C82AE841C900A00225 /* Extension */ = {
			isa = PBXGroup;
			children = (
				18EC62C92AE841DC00A00225 /* UserDefault.swift */,
			);
			path = Extension;
			sourceTree = "<group>";
		};
/* End PBXGroup section */

/* Begin PBXNativeTarget section */
		18EC62A02AE83EDB00A00225 /* FortuneRabbit */ = {
			isa = PBXNativeTarget;
			buildConfigurationList = 18EC62B52AE83EDC00A00225 /* Build configuration list for PBXNativeTarget "FortuneRabbit" */;
			buildPhases = (
				18EC629D2AE83EDB00A00225 /* Sources */,
				18EC629E2AE83EDB00A00225 /* Frameworks */,
				18EC629F2AE83EDB00A00225 /* Resources */,
			);
			buildRules = (
			);
			dependencies = (
			);
			name = FortuneRabbit;
			packageProductDependencies = (
				18EC62C22AE8411600A00225 /* SnapKit */,
			);
			productName = FortuneRabbit;
			productReference = 18EC62A12AE83EDB00A00225 /* FortuneRabbit.app */;
			productType = "com.apple.product-type.application";
		};
/* End PBXNativeTarget section */

/* Begin PBXProject section */
		18EC62992AE83EDB00A00225 /* Project object */ = {
			isa = PBXProject;
			attributes = {
				BuildIndependentTargetsInParallel = 1;
				LastSwiftUpdateCheck = 1500;
				LastUpgradeCheck = 1500;
				TargetAttributes = {
					18EC62A02AE83EDB00A00225 = {
						CreatedOnToolsVersion = 15.0;
					};
				};
			};
			buildConfigurationList = 18EC629C2AE83EDB00A00225 /* Build configuration list for PBXProject "FortuneRabbit" */;
			compatibilityVersion = "Xcode 14.0";
			developmentRegion = en;
			hasScannedForEncodings = 0;
			knownRegions = (
				en,
				Base,
			);
			mainGroup = 18EC62982AE83EDB00A00225;
			packageReferences = (
				18EC62C12AE8411600A00225 /* XCRemoteSwiftPackageReference "SnapKit" */,
			);
			productRefGroup = 18EC62A22AE83EDB00A00225 /* Products */;
			projectDirPath = "";
			projectRoot = "";
			targets = (
				18EC62A02AE83EDB00A00225 /* FortuneRabbit */,
			);
		};
/* End PBXProject section */

/* Begin PBXResourcesBuildPhase section */
		18EC629F2AE83EDB00A00225 /* Resources */ = {
			isa = PBXResourcesBuildPhase;
			buildActionMask = 2147483647;
			files = (
				18EC62E42AE842BE00A00225 /* GiftsJson in Resources */,
				18EC62B12AE83EDC00A00225 /* LaunchScreen.storyboard in Resources */,
				18EC62F22AE8431500A00225 /* NewsJson in Resources */,
				18EC62AE2AE83EDC00A00225 /* Assets.xcassets in Resources */,
				18EC62AC2AE83EDB00A00225 /* Main.storyboard in Resources */,
			);
			runOnlyForDeploymentPostprocessing = 0;
		};
/* End PBXResourcesBuildPhase section */

/* Begin PBXSourcesBuildPhase section */
		18EC629D2AE83EDB00A00225 /* Sources */ = {
			isa = PBXSourcesBuildPhase;
			buildActionMask = 2147483647;
			files = (
				18EC62CA2AE841DC00A00225 /* UserDefault.swift in Sources */,
				18EC62EA2AE842DE00A00225 /* NewsVC.swift in Sources */,
				18EC62E82AE842D300A00225 /* GiftsDetailView.swift in Sources */,
				18EC62A52AE83EDB00A00225 /* AppDelegate.swift in Sources */,
				18EC62DA2AE8427700A00225 /* BonusCardView.swift in Sources */,
				18EC62D22AE8425400A00225 /* BonusScreenVIew.swift in Sources */,
				18EC62F02AE8430000A00225 /* NewsModel.swift in Sources */,
				18EC62DE2AE8429100A00225 /* GiftsView.swift in Sources */,
				18EC62E62AE842CC00A00225 /* GiftsDetailVC.swift in Sources */,
				18EC62F82AE8433200A00225 /* InfoVC.swift in Sources */,
				18EC62D62AE8426600A00225 /* HomeView.swift in Sources */,
				18EC62F62AE8432700A00225 /* NewsDetailView.swift in Sources */,
				18EC62D42AE8425F00A00225 /* HomeVC.swift in Sources */,
				18EC62EE2AE842EE00A00225 /* NewsCell.swift in Sources */,
				18EC62CE2AE841F000A00225 /* Setting.swift in Sources */,
				18EC62CC2AE841E600A00225 /* Service.swift in Sources */,
				18EC62E22AE842A400A00225 /* GiftsModel.swift in Sources */,
				18EC62EC2AE842E600A00225 /* NewsView.swift in Sources */,
				18EC62FA2AE8433700A00225 /* InfoView.swift in Sources */,
				18EC62E02AE8429700A00225 /* GiftsCell.swift in Sources */,
				18EC62DC2AE8428700A00225 /* GiftsVC.swift in Sources */,
				18EC62D02AE8424B00A00225 /* BonusScreenVC.swift in Sources */,
				18EC62A72AE83EDB00A00225 /* SceneDelegate.swift in Sources */,
				18EC62D82AE8426F00A00225 /* BonusCardVC.swift in Sources */,
				18EC62C72AE841C500A00225 /* AppData.swift in Sources */,
				18EC62F42AE8432100A00225 /* NewsDetailVC.swift in Sources */,
			);
			runOnlyForDeploymentPostprocessing = 0;
		};
/* End PBXSourcesBuildPhase section */

/* Begin PBXVariantGroup section */
		18EC62AA2AE83EDB00A00225 /* Main.storyboard */ = {
			isa = PBXVariantGroup;
			children = (
				18EC62AB2AE83EDB00A00225 /* Base */,
			);
			name = Main.storyboard;
			sourceTree = "<group>";
		};
		18EC62AF2AE83EDC00A00225 /* LaunchScreen.storyboard */ = {
			isa = PBXVariantGroup;
			children = (
				18EC62B02AE83EDC00A00225 /* Base */,
			);
			name = LaunchScreen.storyboard;
			sourceTree = "<group>";
		};
/* End PBXVariantGroup section */

/* Begin XCBuildConfiguration section */
		18EC62B32AE83EDC00A00225 /* Debug */ = {
			isa = XCBuildConfiguration;
			buildSettings = {
				ALWAYS_SEARCH_USER_PATHS = NO;
				ASSETCATALOG_COMPILER_GENERATE_SWIFT_ASSET_SYMBOL_EXTENSIONS = YES;
				CLANG_ANALYZER_NONNULL = YES;
				CLANG_ANALYZER_NUMBER_OBJECT_CONVERSION = YES_AGGRESSIVE;
				CLANG_CXX_LANGUAGE_STANDARD = "gnu++20";
				CLANG_ENABLE_MODULES = YES;
				CLANG_ENABLE_OBJC_ARC = YES;
				CLANG_ENABLE_OBJC_WEAK = YES;
				CLANG_WARN_BLOCK_CAPTURE_AUTORELEASING = YES;
				CLANG_WARN_BOOL_CONVERSION = YES;
				CLANG_WARN_COMMA = YES;
				CLANG_WARN_CONSTANT_CONVERSION = YES;
				CLANG_WARN_DEPRECATED_OBJC_IMPLEMENTATIONS = YES;
				CLANG_WARN_DIRECT_OBJC_ISA_USAGE = YES_ERROR;
				CLANG_WARN_DOCUMENTATION_COMMENTS = YES;
				CLANG_WARN_EMPTY_BODY = YES;
				CLANG_WARN_ENUM_CONVERSION = YES;
				CLANG_WARN_INFINITE_RECURSION = YES;
				CLANG_WARN_INT_CONVERSION = YES;
				CLANG_WARN_NON_LITERAL_NULL_CONVERSION = YES;
				CLANG_WARN_OBJC_IMPLICIT_RETAIN_SELF = YES;
				CLANG_WARN_OBJC_LITERAL_CONVERSION = YES;
				CLANG_WARN_OBJC_ROOT_CLASS = YES_ERROR;
				CLANG_WARN_QUOTED_INCLUDE_IN_FRAMEWORK_HEADER = YES;
				CLANG_WARN_RANGE_LOOP_ANALYSIS = YES;
				CLANG_WARN_STRICT_PROTOTYPES = YES;
				CLANG_WARN_SUSPICIOUS_MOVE = YES;
				CLANG_WARN_UNGUARDED_AVAILABILITY = YES_AGGRESSIVE;
				CLANG_WARN_UNREACHABLE_CODE = YES;
				CLANG_WARN__DUPLICATE_METHOD_MATCH = YES;
				COPY_PHASE_STRIP = NO;
				DEBUG_INFORMATION_FORMAT = dwarf;
				ENABLE_STRICT_OBJC_MSGSEND = YES;
				ENABLE_TESTABILITY = YES;
				ENABLE_USER_SCRIPT_SANDBOXING = YES;
				GCC_C_LANGUAGE_STANDARD = gnu17;
				GCC_DYNAMIC_NO_PIC = NO;
				GCC_NO_COMMON_BLOCKS = YES;
				GCC_OPTIMIZATION_LEVEL = 0;
				GCC_PREPROCESSOR_DEFINITIONS = (
					"DEBUG=1",
					"$(inherited)",
				);
				GCC_WARN_64_TO_32_BIT_CONVERSION = YES;
				GCC_WARN_ABOUT_RETURN_TYPE = YES_ERROR;
				GCC_WARN_UNDECLARED_SELECTOR = YES;
				GCC_WARN_UNINITIALIZED_AUTOS = YES_AGGRESSIVE;
				GCC_WARN_UNUSED_FUNCTION = YES;
				GCC_WARN_UNUSED_VARIABLE = YES;
				IPHONEOS_DEPLOYMENT_TARGET = 17.0;
				LOCALIZATION_PREFERS_STRING_CATALOGS = YES;
				MTL_ENABLE_DEBUG_INFO = INCLUDE_SOURCE;
				MTL_FAST_MATH = YES;
				ONLY_ACTIVE_ARCH = YES;
				SDKROOT = iphoneos;
				SWIFT_ACTIVE_COMPILATION_CONDITIONS = "DEBUG $(inherited)";
				SWIFT_OPTIMIZATION_LEVEL = "-Onone";
			};
			name = Debug;
		};
		18EC62B42AE83EDC00A00225 /* Release */ = {
			isa = XCBuildConfiguration;
			buildSettings = {
				ALWAYS_SEARCH_USER_PATHS = NO;
				ASSETCATALOG_COMPILER_GENERATE_SWIFT_ASSET_SYMBOL_EXTENSIONS = YES;
				CLANG_ANALYZER_NONNULL = YES;
				CLANG_ANALYZER_NUMBER_OBJECT_CONVERSION = YES_AGGRESSIVE;
				CLANG_CXX_LANGUAGE_STANDARD = "gnu++20";
				CLANG_ENABLE_MODULES = YES;
				CLANG_ENABLE_OBJC_ARC = YES;
				CLANG_ENABLE_OBJC_WEAK = YES;
				CLANG_WARN_BLOCK_CAPTURE_AUTORELEASING = YES;
				CLANG_WARN_BOOL_CONVERSION = YES;
				CLANG_WARN_COMMA = YES;
				CLANG_WARN_CONSTANT_CONVERSION = YES;
				CLANG_WARN_DEPRECATED_OBJC_IMPLEMENTATIONS = YES;
				CLANG_WARN_DIRECT_OBJC_ISA_USAGE = YES_ERROR;
				CLANG_WARN_DOCUMENTATION_COMMENTS = YES;
				CLANG_WARN_EMPTY_BODY = YES;
				CLANG_WARN_ENUM_CONVERSION = YES;
				CLANG_WARN_INFINITE_RECURSION = YES;
				CLANG_WARN_INT_CONVERSION = YES;
				CLANG_WARN_NON_LITERAL_NULL_CONVERSION = YES;
				CLANG_WARN_OBJC_IMPLICIT_RETAIN_SELF = YES;
				CLANG_WARN_OBJC_LITERAL_CONVERSION = YES;
				CLANG_WARN_OBJC_ROOT_CLASS = YES_ERROR;
				CLANG_WARN_QUOTED_INCLUDE_IN_FRAMEWORK_HEADER = YES;
				CLANG_WARN_RANGE_LOOP_ANALYSIS = YES;
				CLANG_WARN_STRICT_PROTOTYPES = YES;
				CLANG_WARN_SUSPICIOUS_MOVE = YES;
				CLANG_WARN_UNGUARDED_AVAILABILITY = YES_AGGRESSIVE;
				CLANG_WARN_UNREACHABLE_CODE = YES;
				CLANG_WARN__DUPLICATE_METHOD_MATCH = YES;
				COPY_PHASE_STRIP = NO;
				DEBUG_INFORMATION_FORMAT = "dwarf-with-dsym";
				ENABLE_NS_ASSERTIONS = NO;
				ENABLE_STRICT_OBJC_MSGSEND = YES;
				ENABLE_USER_SCRIPT_SANDBOXING = YES;
				GCC_C_LANGUAGE_STANDARD = gnu17;
				GCC_NO_COMMON_BLOCKS = YES;
				GCC_WARN_64_TO_32_BIT_CONVERSION = YES;
				GCC_WARN_ABOUT_RETURN_TYPE = YES_ERROR;
				GCC_WARN_UNDECLARED_SELECTOR = YES;
				GCC_WARN_UNINITIALIZED_AUTOS = YES_AGGRESSIVE;
				GCC_WARN_UNUSED_FUNCTION = YES;
				GCC_WARN_UNUSED_VARIABLE = YES;
				IPHONEOS_DEPLOYMENT_TARGET = 17.0;
				LOCALIZATION_PREFERS_STRING_CATALOGS = YES;
				MTL_ENABLE_DEBUG_INFO = NO;
				MTL_FAST_MATH = YES;
				SDKROOT = iphoneos;
				SWIFT_COMPILATION_MODE = wholemodule;
				VALIDATE_PRODUCT = YES;
			};
			name = Release;
		};
		18EC62B62AE83EDC00A00225 /* Debug */ = {
			isa = XCBuildConfiguration;
			buildSettings = {
				ASSETCATALOG_COMPILER_APPICON_NAME = AppIcon;
				ASSETCATALOG_COMPILER_GLOBAL_ACCENT_COLOR_NAME = AccentColor;
				CODE_SIGN_STYLE = Automatic;
				CURRENT_PROJECT_VERSION = 1;
				GENERATE_INFOPLIST_FILE = YES;
				INFOPLIST_FILE = FortuneRabbit/Info.plist;
				INFOPLIST_KEY_UIApplicationSupportsIndirectInputEvents = YES;
				INFOPLIST_KEY_UILaunchStoryboardName = LaunchScreen;
				INFOPLIST_KEY_UIMainStoryboardFile = Main;
				INFOPLIST_KEY_UISupportedInterfaceOrientations = UIInterfaceOrientationPortrait;
				IPHONEOS_DEPLOYMENT_TARGET = 15.0;
				LD_RUNPATH_SEARCH_PATHS = (
					"$(inherited)",
					"@executable_path/Frameworks",
				);
				MARKETING_VERSION = 1.0;
				PRODUCT_BUNDLE_IDENTIFIER = tsarevichD.FortuneRabbit;
				PRODUCT_NAME = "$(TARGET_NAME)";
				SUPPORTED_PLATFORMS = "iphoneos iphonesimulator";
				SUPPORTS_MACCATALYST = NO;
				SWIFT_EMIT_LOC_STRINGS = YES;
				SWIFT_VERSION = 5.0;
				TARGETED_DEVICE_FAMILY = 1;
			};
			name = Debug;
		};
		18EC62B72AE83EDC00A00225 /* Release */ = {
			isa = XCBuildConfiguration;
			buildSettings = {
				ASSETCATALOG_COMPILER_APPICON_NAME = AppIcon;
				ASSETCATALOG_COMPILER_GLOBAL_ACCENT_COLOR_NAME = AccentColor;
				CODE_SIGN_STYLE = Automatic;
				CURRENT_PROJECT_VERSION = 1;
				GENERATE_INFOPLIST_FILE = YES;
				INFOPLIST_FILE = FortuneRabbit/Info.plist;
				INFOPLIST_KEY_UIApplicationSupportsIndirectInputEvents = YES;
				INFOPLIST_KEY_UILaunchStoryboardName = LaunchScreen;
				INFOPLIST_KEY_UIMainStoryboardFile = Main;
				INFOPLIST_KEY_UISupportedInterfaceOrientations = UIInterfaceOrientationPortrait;
				IPHONEOS_DEPLOYMENT_TARGET = 15.0;
				LD_RUNPATH_SEARCH_PATHS = (
					"$(inherited)",
					"@executable_path/Frameworks",
				);
				MARKETING_VERSION = 1.0;
				PRODUCT_BUNDLE_IDENTIFIER = tsarevichD.FortuneRabbit;
				PRODUCT_NAME = "$(TARGET_NAME)";
				SUPPORTED_PLATFORMS = "iphoneos iphonesimulator";
				SUPPORTS_MACCATALYST = NO;
				SWIFT_EMIT_LOC_STRINGS = YES;
				SWIFT_VERSION = 5.0;
				TARGETED_DEVICE_FAMILY = 1;
			};
			name = Release;
		};
/* End XCBuildConfiguration section */

/* Begin XCConfigurationList section */
		18EC629C2AE83EDB00A00225 /* Build configuration list for PBXProject "FortuneRabbit" */ = {
			isa = XCConfigurationList;
			buildConfigurations = (
				18EC62B32AE83EDC00A00225 /* Debug */,
				18EC62B42AE83EDC00A00225 /* Release */,
			);
			defaultConfigurationIsVisible = 0;
			defaultConfigurationName = Release;
		};
		18EC62B52AE83EDC00A00225 /* Build configuration list for PBXNativeTarget "FortuneRabbit" */ = {
			isa = XCConfigurationList;
			buildConfigurations = (
				18EC62B62AE83EDC00A00225 /* Debug */,
				18EC62B72AE83EDC00A00225 /* Release */,
			);
			defaultConfigurationIsVisible = 0;
			defaultConfigurationName = Release;
		};
/* End XCConfigurationList section */

/* Begin XCRemoteSwiftPackageReference section */
		18EC62C12AE8411600A00225 /* XCRemoteSwiftPackageReference "SnapKit" */ = {
			isa = XCRemoteSwiftPackageReference;
			repositoryURL = "https://github.com/SnapKit/SnapKit.git";
			requirement = {
				kind = upToNextMajorVersion;
				minimumVersion = 5.6.0;
			};
		};
/* End XCRemoteSwiftPackageReference section */

/* Begin XCSwiftPackageProductDependency section */
		18EC62C22AE8411600A00225 /* SnapKit */ = {
			isa = XCSwiftPackageProductDependency;
			package = 18EC62C12AE8411600A00225 /* XCRemoteSwiftPackageReference "SnapKit" */;
			productName = SnapKit;
		};
/* End XCSwiftPackageProductDependency section */
	};
	rootObject = 18EC62992AE83EDB00A00225 /* Project object */;
}
